
Microsoft Visual Studio Solution File, Format Version 12.00
# Visual Studio Version 17
VisualStudioVersion = 17.1.32328.378
MinimumVisualStudioVersion = 10.0.40219.1
Project("{FAE04EC0-301F-11D3-BF4B-00C04F79EFBC}") = "BlogPessoal", "BlogPessoal\BlogPessoal.csproj", "{F2561D18-4089-4E18-BE6F-460AF1C71FF6}"
EndProject
Project("{FAE04EC0-301F-11D3-BF4B-00C04F79EFBC}") = "BlogPessoalTeste", "BlogPessoal\BlogPessoalTeste\BlogPessoalTeste.csproj", "{26DA7F9B-1A60-4BDF-8DD8-F29D1102BBD7}"
EndProject
Global
	GlobalSection(SolutionConfigurationPlatforms) = preSolution
		Debug|Any CPU = Debug|Any CPU
		Release|Any CPU = Release|Any CPU
	EndGlobalSection
	GlobalSection(ProjectConfigurationPlatforms) = postSolution
		{F2561D18-4089-4E18-BE6F-460AF1C71FF6}.Debug|Any CPU.ActiveCfg = Debug|Any CPU
		{F2561D18-4089-4E18-BE6F-460AF1C71FF6}.Debug|Any CPU.Build.0 = Debug|Any CPU
		{F2561D18-4089-4E18-BE6F-460AF1C71FF6}.Release|Any CPU.ActiveCfg = Release|Any CPU
		{F2561D18-4089-4E18-BE6F-460AF1C71FF6}.Release|Any CPU.Build.0 = Release|Any CPU
		{26DA7F9B-1A60-4BDF-8DD8-F29D1102BBD7}.Debug|Any CPU.ActiveCfg = Debug|Any CPU
		{26DA7F9B-1A60-4BDF-8DD8-F29D1102BBD7}.Debug|Any CPU.Build.0 = Debug|Any CPU
		{26DA7F9B-1A60-4BDF-8DD8-F29D1102BBD7}.Release|Any CPU.ActiveCfg = Release|Any CPU
		{26DA7F9B-1A60-4BDF-8DD8-F29D1102BBD7}.Release|Any CPU.Build.0 = Release|Any CPU
	EndGlobalSection
	GlobalSection(SolutionProperties) = preSolution
		HideSolutionNode = FALSE
	EndGlobalSection
	GlobalSection(ExtensibilityGlobals) = postSolution
		SolutionGuid = {CE749979-D159-4D6B-92AD-6273E34E3C55}
	EndGlobalSection
EndGlobal
